# This file is automatically @generated by Cargo.
# It is not intended for manual editing.
version = 3

[[package]]
name = "CO2-sensor"
version = "0.1.0"
dependencies = [
 "cortex-m 0.5.8",
 "cortex-m-rt",
 "cortex-m-semihosting",
 "crc_all 0.2.0",
 "dwm1001",
 "heapless",
 "nb",
 "nrf52832-hal",
 "panic-halt",
 "scd30",
]

[[package]]
name = "aligned"
version = "0.2.0"
source = "registry+https://github.com/rust-lang/crates.io-index"
checksum = "d39da9b88ae1a81c03c9c082b8db83f1d0e93914126041962af61034ab44c4a5"

[[package]]
name = "aligned"
version = "0.3.1"
source = "registry+https://github.com/rust-lang/crates.io-index"
checksum = "d3a316c7ea8e1e9ece54862c992def5a7ac14de9f5832b69d71760680efeeefa"
dependencies = [
 "as-slice",
]

[[package]]
name = "as-slice"
version = "0.1.0"
source = "registry+https://github.com/rust-lang/crates.io-index"
checksum = "293dac66b274fab06f95e7efb05ec439a6b70136081ea522d270bc351ae5bb27"
dependencies = [
 "generic-array 0.12.3",
 "stable_deref_trait",
]

[[package]]
name = "bare-metal"
version = "0.2.4"
source = "registry+https://github.com/rust-lang/crates.io-index"
checksum = "a3caf393d93b2d453e80638d0674597020cef3382ada454faacd43d1a55a735a"
dependencies = [
 "rustc_version",
]

[[package]]
name = "byteorder"
version = "1.3.2"
source = "registry+https://github.com/rust-lang/crates.io-index"
checksum = "a7c3dd8985a7111efc5c80b44e23ecdd8c007de8ade3b96595387e812b957cf5"

[[package]]
name = "cast"
version = "0.2.2"
source = "registry+https://github.com/rust-lang/crates.io-index"
checksum = "926013f2860c46252efceabb19f4a6b308197505082c609025aa6706c011d427"

[[package]]
name = "cortex-m"
version = "0.5.8"
source = "registry+https://github.com/rust-lang/crates.io-index"
checksum = "dab2164a0fc216781a47fc343347365112ae6917421d3fa4bac6faf0fbaaaec7"
dependencies = [
 "aligned 0.2.0",
 "bare-metal",
 "volatile-register",
]

[[package]]
name = "cortex-m"
version = "0.6.0"
source = "registry+https://github.com/rust-lang/crates.io-index"
checksum = "f3c18719fdc57db65668bfc977db9a0fa1a41d718c5d9cd4f652c9d4b0e0956a"
dependencies = [
 "aligned 0.3.1",
 "bare-metal",
 "volatile-register",
]

[[package]]
name = "cortex-m-rt"
version = "0.6.10"
source = "registry+https://github.com/rust-lang/crates.io-index"
checksum = "17805910e3ecf029bdbfcc42b7384d9e3d9e5626153fa810002c1ef9839338ac"
dependencies = [
 "cortex-m-rt-macros",
 "r0",
]

[[package]]
name = "cortex-m-rt-macros"
version = "0.1.5"
source = "registry+https://github.com/rust-lang/crates.io-index"
checksum = "d7ae692573e0acccb1579fef1abf5a5bf1d2f3f0149a22b16870ec9309aee25f"
dependencies = [
 "proc-macro2 0.4.30",
 "quote 0.6.13",
 "rand",
 "syn 0.15.43",
]

[[package]]
name = "cortex-m-semihosting"
version = "0.3.5"
source = "registry+https://github.com/rust-lang/crates.io-index"
checksum = "113ef0ecffee2b62b58f9380f4469099b30e9f9cbee2804771b4203ba1762cfa"
dependencies = [
 "cortex-m 0.6.0",
]

[[package]]
name = "crc_all"
version = "0.1.0"
source = "registry+https://github.com/rust-lang/crates.io-index"
checksum = "4503fbc9abff253ed46c67efa39576ffb008be83d6587c7ae35a31982c2e9f86"

[[package]]
name = "crc_all"
version = "0.2.0"
source = "registry+https://github.com/rust-lang/crates.io-index"
checksum = "a8870eaf25cadb929c663b7f85e76bf9e82ceca6ac51c72c2bd8f029271187d4"

[[package]]
name = "dw1000"
version = "0.2.0"
source = "registry+https://github.com/rust-lang/crates.io-index"
checksum = "769c0db3ac502ca14835ee1908d2d831687a7e9f8e3ec0603364d53388c47432"
dependencies = [
 "embedded-hal",
 "ieee802154",
 "nb",
 "serde",
 "ssmarshal",
]

[[package]]
name = "dwm1001"
version = "0.2.1"
source = "registry+https://github.com/rust-lang/crates.io-index"
checksum = "740f6e492fc70d11a49d7a9b132cdd76478e2b12ee06d6436f6fa79315afa150"
dependencies = [
 "cortex-m 0.6.0",
 "cortex-m-rt",
 "cortex-m-semihosting",
 "dw1000",
 "embedded-hal",
 "embedded-timeout-macros",
 "nrf52832-hal",
]

[[package]]
name = "embedded-hal"
version = "0.2.3"
source = "registry+https://github.com/rust-lang/crates.io-index"
checksum = "ee4908a155094da7723c2d60d617b820061e3b4efcc3d9e293d206a5a76c170b"
dependencies = [
 "nb",
 "void",
]

[[package]]
name = "embedded-timeout-macros"
version = "0.1.0"
source = "registry+https://github.com/rust-lang/crates.io-index"
checksum = "429baa10dbdb9bac80064bbc69e2bb3ca8d9924ef29c59c51483da3615eee8ee"
dependencies = [
 "embedded-hal",
 "nb",
]

[[package]]
name = "encode_unicode"
version = "0.3.5"
source = "registry+https://github.com/rust-lang/crates.io-index"
checksum = "90b2c9496c001e8cb61827acdefad780795c42264c137744cae6f7d9e3450abd"

[[package]]
name = "fpa"
version = "0.1.0"
source = "registry+https://github.com/rust-lang/crates.io-index"
checksum = "f074479d683e5a8fd0bf1251d0a5d91b0d9178b867b44962191ed0eaaf8d4009"
dependencies = [
 "cast",
 "typenum",
]

[[package]]
name = "generic-array"
version = "0.11.2"
source = "registry+https://github.com/rust-lang/crates.io-index"
checksum = "667f6ea017b297ec65b8a108c6e9ad6879460721fb3b6b23abf690970147fc28"
dependencies = [
 "typenum",
]

[[package]]
name = "generic-array"
version = "0.12.3"
source = "registry+https://github.com/rust-lang/crates.io-index"
checksum = "c68f0274ae0e023facc3c97b2e00f076be70e254bc851d972503b328db79b2ec"
dependencies = [
 "typenum",
]

[[package]]
name = "hash32"
version = "0.1.0"
source = "registry+https://github.com/rust-lang/crates.io-index"
checksum = "12d790435639c06a7b798af9e1e331ae245b7ef915b92f70a39b4cf8c00686af"
dependencies = [
 "byteorder",
]

[[package]]
name = "hash32-derive"
version = "0.1.0"
source = "registry+https://github.com/rust-lang/crates.io-index"
checksum = "ebc0efbd154a17cddc3616d83faef479c0076d871a2143c157b310cc7ca799a2"
dependencies = [
 "proc-macro2 0.3.8",
 "quote 0.5.2",
 "syn 0.13.11",
]

[[package]]
name = "heapless"
version = "0.4.4"
source = "registry+https://github.com/rust-lang/crates.io-index"
checksum = "e1ae80bbc62401ae8096976857172507cadbd2200f36670e5144634360a05959"
dependencies = [
 "as-slice",
 "generic-array 0.11.2",
 "hash32",
]

[[package]]
name = "ieee802154"
version = "0.3.0"
source = "registry+https://github.com/rust-lang/crates.io-index"
checksum = "af632b4000a49093d3612d43529b9847a45690168dbe1f0877b8535e0670d281"
dependencies = [
 "byteorder",
 "hash32",
 "hash32-derive",
]

[[package]]
name = "nb"
version = "0.1.2"
source = "registry+https://github.com/rust-lang/crates.io-index"
checksum = "b1411551beb3c11dedfb0a90a0fa256b47d28b9ec2cdff34c25a2fa59e45dbdc"

[[package]]
name = "nrf52-hal-common"
version = "0.8.1"
source = "registry+https://github.com/rust-lang/crates.io-index"
checksum = "03dcdf72cd52a1c4829905e08a90ad6f4dc0f9d15ecf1883cc74f098199aa873"
dependencies = [
 "cast",
 "cortex-m 0.6.0",
 "embedded-hal",
 "fpa",
 "nb",
 "nrf52832-pac",
 "rand_core 0.4.2",
 "void",
]

[[package]]
name = "nrf52832-hal"
version = "0.8.1"
source = "registry+https://github.com/rust-lang/crates.io-index"
checksum = "dd4803f1d08e6a4c8726ae68b40cecf7c2ab05f49b1ce29af932d052cb61114c"
dependencies = [
 "cast",
 "cortex-m 0.6.0",
 "embedded-hal",
 "nb",
 "nrf52-hal-common",
 "nrf52832-pac",
 "void",
]

[[package]]
name = "nrf52832-pac"
version = "0.8.0"
source = "registry+https://github.com/rust-lang/crates.io-index"
checksum = "3c4545414415bddd872f13c0a5418ecc380e34347a52cb048cfed38c1b0957fa"
dependencies = [
 "bare-metal",
 "cortex-m 0.6.0",
 "cortex-m-rt",
 "vcell",
]

[[package]]
name = "panic-halt"
version = "0.2.0"
source = "registry+https://github.com/rust-lang/crates.io-index"
checksum = "de96540e0ebde571dc55c73d60ef407c653844e6f9a1e2fdbd40c07b9252d812"

[[package]]
name = "proc-macro2"
version = "0.3.8"
source = "registry+https://github.com/rust-lang/crates.io-index"
checksum = "1b06e2f335f48d24442b35a19df506a835fb3547bc3c06ef27340da9acf5cae7"
dependencies = [
 "unicode-xid",
]

[[package]]
name = "proc-macro2"
version = "0.4.30"
source = "registry+https://github.com/rust-lang/crates.io-index"
checksum = "cf3d2011ab5c909338f7887f4fc896d35932e29146c12c8d01da6b22a80ba759"
dependencies = [
 "unicode-xid",
]

[[package]]
name = "quote"
version = "0.5.2"
source = "registry+https://github.com/rust-lang/crates.io-index"
checksum = "9949cfe66888ffe1d53e6ec9d9f3b70714083854be20fd5e271b232a017401e8"
dependencies = [
 "proc-macro2 0.3.8",
]

[[package]]
name = "quote"
version = "0.6.13"
source = "registry+https://github.com/rust-lang/crates.io-index"
checksum = "6ce23b6b870e8f94f81fb0a363d65d86675884b34a09043c81e5562f11c1f8e1"
dependencies = [
 "proc-macro2 0.4.30",
]

[[package]]
name = "r0"
version = "0.2.2"
source = "registry+https://github.com/rust-lang/crates.io-index"
checksum = "e2a38df5b15c8d5c7e8654189744d8e396bddc18ad48041a500ce52d6948941f"

[[package]]
name = "rand"
version = "0.5.6"
source = "registry+https://github.com/rust-lang/crates.io-index"
checksum = "c618c47cd3ebd209790115ab837de41425723956ad3ce2e6a7f09890947cacb9"
dependencies = [
 "rand_core 0.3.1",
]

[[package]]
name = "rand_core"
version = "0.3.1"
source = "registry+https://github.com/rust-lang/crates.io-index"
checksum = "7a6fdeb83b075e8266dcc8762c22776f6877a63111121f5f8c7411e5be7eed4b"
dependencies = [
 "rand_core 0.4.2",
]

[[package]]
name = "rand_core"
version = "0.4.2"
source = "registry+https://github.com/rust-lang/crates.io-index"
checksum = "9c33a3c44ca05fa6f1807d8e6743f3824e8509beca625669633be0acbdf509dc"

[[package]]
name = "rustc_version"
version = "0.2.3"
source = "registry+https://github.com/rust-lang/crates.io-index"
checksum = "138e3e0acb6c9fb258b19b67cb8abd63c00679d2851805ea151465464fe9030a"
dependencies = [
 "semver",
]

[[package]]
name = "scd30"
version = "0.3.0"
source = "git+https://github.com/sinuss/scd30-rs/#0ae24d27a81e55908afb8c6716f4d9ff9938af88"
dependencies = [
 "crc_all 0.1.0",
 "embedded-hal",
 "heapless",
]

[[package]]
name = "semver"
version = "0.9.0"
source = "registry+https://github.com/rust-lang/crates.io-index"
checksum = "1d7eb9ef2c18661902cc47e535f9bc51b78acd254da71d375c2f6720d9a40403"
dependencies = [
 "semver-parser",
]

[[package]]
name = "semver-parser"
version = "0.7.0"
source = "registry+https://github.com/rust-lang/crates.io-index"
checksum = "388a1df253eca08550bef6c72392cfe7c30914bf41df5269b68cbd6ff8f570a3"

[[package]]
name = "serde"
version = "1.0.98"
source = "registry+https://github.com/rust-lang/crates.io-index"
checksum = "7fe5626ac617da2f2d9c48af5515a21d5a480dbd151e01bb1c355e26a3e68113"
dependencies = [
 "serde_derive",
]

[[package]]
name = "serde_derive"
version = "1.0.98"
source = "registry+https://github.com/rust-lang/crates.io-index"
checksum = "01e69e1b8a631f245467ee275b8c757b818653c6d704cdbcaeb56b56767b529c"
dependencies = [
 "proc-macro2 0.4.30",
 "quote 0.6.13",
 "syn 0.15.43",
]

[[package]]
name = "ssmarshal"
version = "1.0.0"
source = "registry+https://github.com/rust-lang/crates.io-index"
checksum = "f3e6ad23b128192ed337dfa4f1b8099ced0c2bf30d61e551b65fda5916dbb850"
dependencies = [
 "encode_unicode",
 "serde",
]

[[package]]
name = "stable_deref_trait"
version = "1.1.1"
source = "registry+https://github.com/rust-lang/crates.io-index"
checksum = "dba1a27d3efae4351c8051072d619e3ade2820635c3958d826bfea39d59b54c8"

[[package]]
name = "syn"
version = "0.13.11"
source = "registry+https://github.com/rust-lang/crates.io-index"
checksum = "14f9bf6292f3a61d2c716723fdb789a41bbe104168e6f496dc6497e531ea1b9b"
dependencies = [
 "proc-macro2 0.3.8",
 "quote 0.5.2",
 "unicode-xid",
]

[[package]]
name = "syn"
version = "0.15.43"
source = "registry+https://github.com/rust-lang/crates.io-index"
checksum = "ee06ea4b620ab59a2267c6b48be16244a3389f8bfa0986bdd15c35b890b00af3"
dependencies = [
 "proc-macro2 0.4.30",
 "quote 0.6.13",
 "unicode-xid",
]

[[package]]
name = "typenum"
version = "1.10.0"
source = "registry+https://github.com/rust-lang/crates.io-index"
checksum = "612d636f949607bdf9b123b4a6f6d966dedf3ff669f7f045890d3a4a73948169"

[[package]]
name = "unicode-xid"
version = "0.1.0"
source = "registry+https://github.com/rust-lang/crates.io-index"
checksum = "fc72304796d0818e357ead4e000d19c9c174ab23dc11093ac919054d20a6a7fc"

[[package]]
name = "vcell"
version = "0.1.0"
source = "registry+https://github.com/rust-lang/crates.io-index"
checksum = "45c297f0afb6928cd08ab1ff9d95e99392595ea25ae1b5ecf822ff8764e57a0d"

[[package]]
name = "void"
version = "1.0.2"
source = "registry+https://github.com/rust-lang/crates.io-index"
checksum = "6a02e4885ed3bc0f2de90ea6dd45ebcbb66dacffe03547fadbb0eeae2770887d"

[[package]]
name = "volatile-register"
version = "0.2.0"
source = "registry+https://github.com/rust-lang/crates.io-index"
checksum = "0d67cb4616d99b940db1d6bd28844ff97108b498a6ca850e5b6191a532063286"
dependencies = [
 "vcell",
]
